
Microsoft Visual Studio Solution File, Format Version 12.00
# Visual Studio 15
VisualStudioVersion = 15.0.28307.168
MinimumVisualStudioVersion = 10.0.40219.1
Project("{FAE04EC0-301F-11D3-BF4B-00C04F79EFBC}") = "ConsoleTetris", "ConsoleTetris\ConsoleTetris.csproj", "{27630C47-DDFF-4CA5-A24D-A05A18A89BBD}"
EndProject
Global
	GlobalSection(SolutionConfigurationPlatforms) = preSolution
		Debug|Any CPU = Debug|Any CPU
		Release|Any CPU = Release|Any CPU
	EndGlobalSection
	GlobalSection(ProjectConfigurationPlatforms) = postSolution
		{27630C47-DDFF-4CA5-A24D-A05A18A89BBD}.Debug|Any CPU.ActiveCfg = Debug|Any CPU
		{27630C47-DDFF-4CA5-A24D-A05A18A89BBD}.Debug|Any CPU.Build.0 = Debug|Any CPU
		{27630C47-DDFF-4CA5-A24D-A05A18A89BBD}.Release|Any CPU.ActiveCfg = Release|Any CPU
		{27630C47-DDFF-4CA5-A24D-A05A18A89BBD}.Release|Any CPU.Build.0 = Release|Any CPU
	EndGlobalSection
	GlobalSection(SolutionProperties) = preSolution
		HideSolutionNode = FALSE
	EndGlobalSection
	GlobalSection(ExtensibilityGlobals) = postSolution
		SolutionGuid = {D30EEF60-6AC3-40B4-9F6A-F5E71C789A5B}
	EndGlobalSection
EndGlobal
